
Microsoft Visual Studio Solution File, Format Version 12.00
# Visual Studio Version 17
VisualStudioVersion = 17.8.34525.116
MinimumVisualStudioVersion = 10.0.40219.1
Project("{FAE04EC0-301F-11D3-BF4B-00C04F79EFBC}") = "CapaPresentacion", "CapaPresentacion\CapaPresentacion.csproj", "{0DABDA00-210E-4C45-BD1D-8BFC807918D1}"
EndProject
Project("{FAE04EC0-301F-11D3-BF4B-00C04F79EFBC}") = "CapaEntidad", "CapaEntidad\CapaEntidad.csproj", "{ECA98190-21F5-4F95-8916-FE7F57832BC4}"
EndProject
Project("{FAE04EC0-301F-11D3-BF4B-00C04F79EFBC}") = "CapaNegocio", "CapaNegocio\CapaNegocio.csproj", "{962D6D00-7B81-4E2E-9B5A-4494E6BE5130}"
EndProject
Project("{FAE04EC0-301F-11D3-BF4B-00C04F79EFBC}") = "CapaDatos", "CapaDatos\CapaDatos.csproj", "{D24A8B70-7DE5-44EB-B831-C70B228AAA9C}"
EndProject
Global
	GlobalSection(SolutionConfigurationPlatforms) = preSolution
		Debug|Any CPU = Debug|Any CPU
		Release|Any CPU = Release|Any CPU
	EndGlobalSection
	GlobalSection(ProjectConfigurationPlatforms) = postSolution
		{0DABDA00-210E-4C45-BD1D-8BFC807918D1}.Debug|Any CPU.ActiveCfg = Debug|Any CPU
		{0DABDA00-210E-4C45-BD1D-8BFC807918D1}.Debug|Any CPU.Build.0 = Debug|Any CPU
		{0DABDA00-210E-4C45-BD1D-8BFC807918D1}.Release|Any CPU.ActiveCfg = Release|Any CPU
		{0DABDA00-210E-4C45-BD1D-8BFC807918D1}.Release|Any CPU.Build.0 = Release|Any CPU
		{ECA98190-21F5-4F95-8916-FE7F57832BC4}.Debug|Any CPU.ActiveCfg = Debug|Any CPU
		{ECA98190-21F5-4F95-8916-FE7F57832BC4}.Debug|Any CPU.Build.0 = Debug|Any CPU
		{ECA98190-21F5-4F95-8916-FE7F57832BC4}.Release|Any CPU.ActiveCfg = Release|Any CPU
		{ECA98190-21F5-4F95-8916-FE7F57832BC4}.Release|Any CPU.Build.0 = Release|Any CPU
		{962D6D00-7B81-4E2E-9B5A-4494E6BE5130}.Debug|Any CPU.ActiveCfg = Debug|Any CPU
		{962D6D00-7B81-4E2E-9B5A-4494E6BE5130}.Debug|Any CPU.Build.0 = Debug|Any CPU
		{962D6D00-7B81-4E2E-9B5A-4494E6BE5130}.Release|Any CPU.ActiveCfg = Release|Any CPU
		{962D6D00-7B81-4E2E-9B5A-4494E6BE5130}.Release|Any CPU.Build.0 = Release|Any CPU
		{D24A8B70-7DE5-44EB-B831-C70B228AAA9C}.Debug|Any CPU.ActiveCfg = Debug|Any CPU
		{D24A8B70-7DE5-44EB-B831-C70B228AAA9C}.Debug|Any CPU.Build.0 = Debug|Any CPU
		{D24A8B70-7DE5-44EB-B831-C70B228AAA9C}.Release|Any CPU.ActiveCfg = Release|Any CPU
		{D24A8B70-7DE5-44EB-B831-C70B228AAA9C}.Release|Any CPU.Build.0 = Release|Any CPU
	EndGlobalSection
	GlobalSection(SolutionProperties) = preSolution
		HideSolutionNode = FALSE
	EndGlobalSection
	GlobalSection(ExtensibilityGlobals) = postSolution
		SolutionGuid = {598EE38F-A10A-4DC8-9DB6-5811E51F628C}
	EndGlobalSection
EndGlobal
